
Microsoft Visual Studio Solution File, Format Version 12.00
# Visual Studio 15
Project("{FAE04EC0-301F-11D3-BF4B-00C04F79EFBC}") = "Assembly-CSharp", "Assembly-CSharp.csproj", "{489C9465-9C3A-57E8-FF1B-3C5822F69084}"
EndProject
Global
	GlobalSection(SolutionConfigurationPlatforms) = preSolution
		Debug|Any CPU = Debug|Any CPU
		Release|Any CPU = Release|Any CPU
	EndGlobalSection
	GlobalSection(ProjectConfigurationPlatforms) = postSolution
		{489C9465-9C3A-57E8-FF1B-3C5822F69084}.Debug|Any CPU.ActiveCfg = Debug|Any CPU
		{489C9465-9C3A-57E8-FF1B-3C5822F69084}.Debug|Any CPU.Build.0 = Debug|Any CPU
		{489C9465-9C3A-57E8-FF1B-3C5822F69084}.Release|Any CPU.ActiveCfg = Release|Any CPU
		{489C9465-9C3A-57E8-FF1B-3C5822F69084}.Release|Any CPU.Build.0 = Release|Any CPU
	EndGlobalSection
	GlobalSection(SolutionProperties) = preSolution
		HideSolutionNode = FALSE
	EndGlobalSection
EndGlobal
